// !$*UTF8*$!
{
	archiveVersion = 1;
	classes = {
	};
	objectVersion = 50;
	objects = {

/* Begin PBXBuildFile section */
		84019058215A4E310055D245 /* AppDelegate.swift in Sources */ = {isa = PBXBuildFile; fileRef = 84019057215A4E310055D245 /* AppDelegate.swift */; };
		8401905A215A4E310055D245 /* categoriesVC.swift in Sources */ = {isa = PBXBuildFile; fileRef = 84019059215A4E310055D245 /* categoriesVC.swift */; };
		8401905D215A4E310055D245 /* Main.storyboard in Resources */ = {isa = PBXBuildFile; fileRef = 8401905B215A4E310055D245 /* Main.storyboard */; };
		8401905F215A4E320055D245 /* Assets.xcassets in Resources */ = {isa = PBXBuildFile; fileRef = 8401905E215A4E320055D245 /* Assets.xcassets */; };
		84019062215A4E320055D245 /* LaunchScreen.storyboard in Resources */ = {isa = PBXBuildFile; fileRef = 84019060215A4E320055D245 /* LaunchScreen.storyboard */; };
		8401906F215B7D420055D245 /* CategoryCell.swift in Sources */ = {isa = PBXBuildFile; fileRef = 8401906E215B7D420055D245 /* CategoryCell.swift */; };
		84019071215B8A9E0055D245 /* Category.swift in Sources */ = {isa = PBXBuildFile; fileRef = 84019070215B8A9E0055D245 /* Category.swift */; };
		84019074215B8DD70055D245 /* DataService.swift in Sources */ = {isa = PBXBuildFile; fileRef = 84019073215B8DD70055D245 /* DataService.swift */; };
		84019076215BA4E10055D245 /* ProductCell.swift in Sources */ = {isa = PBXBuildFile; fileRef = 84019075215BA4E10055D245 /* ProductCell.swift */; };
		84019078215BA86F0055D245 /* Product.swift in Sources */ = {isa = PBXBuildFile; fileRef = 84019077215BA86F0055D245 /* Product.swift */; };
		8401907C215BB7160055D245 /* ProductVC.swift in Sources */ = {isa = PBXBuildFile; fileRef = 8401907B215BB7160055D245 /* ProductVC.swift */; };
/* End PBXBuildFile section */

/* Begin PBXFileReference section */
		84019054215A4E310055D245 /* code-swag.app */ = {isa = PBXFileReference; explicitFileType = wrapper.application; includeInIndex = 0; path = "code-swag.app"; sourceTree = BUILT_PRODUCTS_DIR; };
		84019057215A4E310055D245 /* AppDelegate.swift */ = {isa = PBXFileReference; lastKnownFileType = sourcecode.swift; path = AppDelegate.swift; sourceTree = "<group>"; };
		84019059215A4E310055D245 /* categoriesVC.swift */ = {isa = PBXFileReference; lastKnownFileType = sourcecode.swift; path = categoriesVC.swift; sourceTree = "<group>"; };
		8401905C215A4E310055D245 /* Base */ = {isa = PBXFileReference; lastKnownFileType = file.storyboard; name = Base; path = Base.lproj/Main.storyboard; sourceTree = "<group>"; };
		8401905E215A4E320055D245 /* Assets.xcassets */ = {isa = PBXFileReference; lastKnownFileType = folder.assetcatalog; path = Assets.xcassets; sourceTree = "<group>"; };
		84019061215A4E320055D245 /* Base */ = {isa = PBXFileReference; lastKnownFileType = file.storyboard; name = Base; path = Base.lproj/LaunchScreen.storyboard; sourceTree = "<group>"; };
		84019063215A4E320055D245 /* Info.plist */ = {isa = PBXFileReference; lastKnownFileType = text.plist.xml; path = Info.plist; sourceTree = "<group>"; };
		8401906E215B7D420055D245 /* CategoryCell.swift */ = {isa = PBXFileReference; lastKnownFileType = sourcecode.swift; path = CategoryCell.swift; sourceTree = "<group>"; };
		84019070215B8A9E0055D245 /* Category.swift */ = {isa = PBXFileReference; lastKnownFileType = sourcecode.swift; path = Category.swift; sourceTree = "<group>"; };
		84019073215B8DD70055D245 /* DataService.swift */ = {isa = PBXFileReference; lastKnownFileType = sourcecode.swift; path = DataService.swift; sourceTree = "<group>"; };
		84019075215BA4E10055D245 /* ProductCell.swift */ = {isa = PBXFileReference; lastKnownFileType = sourcecode.swift; path = ProductCell.swift; sourceTree = "<group>"; };
		84019077215BA86F0055D245 /* Product.swift */ = {isa = PBXFileReference; lastKnownFileType = sourcecode.swift; path = Product.swift; sourceTree = "<group>"; };
		8401907B215BB7160055D245 /* ProductVC.swift */ = {isa = PBXFileReference; lastKnownFileType = sourcecode.swift; path = ProductVC.swift; sourceTree = "<group>"; };
/* End PBXFileReference section */

/* Begin PBXFrameworksBuildPhase section */
		84019051215A4E310055D245 /* Frameworks */ = {
			isa = PBXFrameworksBuildPhase;
			buildActionMask = 2147483647;
			files = (
			);
			runOnlyForDeploymentPostprocessing = 0;
		};
/* End PBXFrameworksBuildPhase section */

/* Begin PBXGroup section */
		8401904B215A4E310055D245 = {
			isa = PBXGroup;
			children = (
				84019056215A4E310055D245 /* code-swag */,
				84019055215A4E310055D245 /* Products */,
			);
			sourceTree = "<group>";
		};
		84019055215A4E310055D245 /* Products */ = {
			isa = PBXGroup;
			children = (
				84019054215A4E310055D245 /* code-swag.app */,
			);
			name = Products;
			sourceTree = "<group>";
		};
		84019056215A4E310055D245 /* code-swag */ = {
			isa = PBXGroup;
			children = (
				84019072215B8D9C0055D245 /* services */,
				8401906B215A734D0055D245 /* view */,
				8401906A215A73400055D245 /* model */,
				84019069215A73370055D245 /* controller */,
				84019057215A4E310055D245 /* AppDelegate.swift */,
				8401905B215A4E310055D245 /* Main.storyboard */,
				8401905E215A4E320055D245 /* Assets.xcassets */,
				84019060215A4E320055D245 /* LaunchScreen.storyboard */,
				84019063215A4E320055D245 /* Info.plist */,
			);
			path = "code-swag";
			sourceTree = "<group>";
		};
		84019069215A73370055D245 /* controller */ = {
			isa = PBXGroup;
			children = (
				84019059215A4E310055D245 /* categoriesVC.swift */,
				8401907B215BB7160055D245 /* ProductVC.swift */,
			);
			path = controller;
			sourceTree = "<group>";
		};
		8401906A215A73400055D245 /* model */ = {
			isa = PBXGroup;
			children = (
				84019070215B8A9E0055D245 /* Category.swift */,
				84019077215BA86F0055D245 /* Product.swift */,
			);
			path = model;
			sourceTree = "<group>";
		};
		8401906B215A734D0055D245 /* view */ = {
			isa = PBXGroup;
			children = (
				8401906E215B7D420055D245 /* CategoryCell.swift */,
				84019075215BA4E10055D245 /* ProductCell.swift */,
			);
			path = view;
			sourceTree = "<group>";
		};
		84019072215B8D9C0055D245 /* services */ = {
			isa = PBXGroup;
			children = (
				84019073215B8DD70055D245 /* DataService.swift */,
			);
			path = services;
			sourceTree = "<group>";
		};
/* End PBXGroup section */

/* Begin PBXNativeTarget section */
		84019053215A4E310055D245 /* code-swag */ = {
			isa = PBXNativeTarget;
			buildConfigurationList = 84019066215A4E320055D245 /* Build configuration list for PBXNativeTarget "code-swag" */;
			buildPhases = (
				84019050215A4E310055D245 /* Sources */,
				84019051215A4E310055D245 /* Frameworks */,
				84019052215A4E310055D245 /* Resources */,
			);
			buildRules = (
			);
			dependencies = (
			);
			name = "code-swag";
			productName = "code-swag";
			productReference = 84019054215A4E310055D245 /* code-swag.app */;
			productType = "com.apple.product-type.application";
		};
/* End PBXNativeTarget section */

/* Begin PBXProject section */
		8401904C215A4E310055D245 /* Project object */ = {
			isa = PBXProject;
			attributes = {
				LastSwiftUpdateCheck = 1000;
				LastUpgradeCheck = 1000;
				ORGANIZATIONNAME = Admin;
				TargetAttributes = {
					84019053215A4E310055D245 = {
						CreatedOnToolsVersion = 10.0;
					};
				};
			};
			buildConfigurationList = 8401904F215A4E310055D245 /* Build configuration list for PBXProject "code-swag" */;
			compatibilityVersion = "Xcode 9.3";
			developmentRegion = en;
			hasScannedForEncodings = 0;
			knownRegions = (
				en,
				Base,
			);
			mainGroup = 8401904B215A4E310055D245;
			productRefGroup = 84019055215A4E310055D245 /* Products */;
			projectDirPath = "";
			projectRoot = "";
			targets = (
				84019053215A4E310055D245 /* code-swag */,
			);
		};
/* End PBXProject section */

/* Begin PBXResourcesBuildPhase section */
		84019052215A4E310055D245 /* Resources */ = {
			isa = PBXResourcesBuildPhase;
			buildActionMask = 2147483647;
			files = (
				84019062215A4E320055D245 /* LaunchScreen.storyboard in Resources */,
				8401905F215A4E320055D245 /* Assets.xcassets in Resources */,
				8401905D215A4E310055D245 /* Main.storyboard in Resources */,
			);
			runOnlyForDeploymentPostprocessing = 0;
		};
/* End PBXResourcesBuildPhase section */

/* Begin PBXSourcesBuildPhase section */
		84019050215A4E310055D245 /* Sources */ = {
			isa = PBXSourcesBuildPhase;
			buildActionMask = 2147483647;
			files = (
				8401905A215A4E310055D245 /* categoriesVC.swift in Sources */,
				84019058215A4E310055D245 /* AppDelegate.swift in Sources */,
				8401906F215B7D420055D245 /* CategoryCell.swift in Sources */,
				84019076215BA4E10055D245 /* ProductCell.swift in Sources */,
				8401907C215BB7160055D245 /* ProductVC.swift in Sources */,
				84019071215B8A9E0055D245 /* Category.swift in Sources */,
				84019074215B8DD70055D245 /* DataService.swift in Sources */,
				84019078215BA86F0055D245 /* Product.swift in Sources */,
			);
			runOnlyForDeploymentPostprocessing = 0;
		};
/* End PBXSourcesBuildPhase section */

/* Begin PBXVariantGroup section */
		8401905B215A4E310055D245 /* Main.storyboard */ = {
			isa = PBXVariantGroup;
			children = (
				8401905C215A4E310055D245 /* Base */,
			);
			name = Main.storyboard;
			sourceTree = "<group>";
		};
		84019060215A4E320055D245 /* LaunchScreen.storyboard */ = {
			isa = PBXVariantGroup;
			children = (
				84019061215A4E320055D245 /* Base */,
			);
			name = LaunchScreen.storyboard;
			sourceTree = "<group>";
		};
/* End PBXVariantGroup section */

/* Begin XCBuildConfiguration section */
		84019064215A4E320055D245 /* Debug */ = {
			isa = XCBuildConfiguration;
			buildSettings = {
				ALWAYS_SEARCH_USER_PATHS = NO;
				CLANG_ANALYZER_NONNULL = YES;
				CLANG_ANALYZER_NUMBER_OBJECT_CONVERSION = YES_AGGRESSIVE;
				CLANG_CXX_LANGUAGE_STANDARD = "gnu++14";
				CLANG_CXX_LIBRARY = "libc++";
				CLANG_ENABLE_MODULES = YES;
				CLANG_ENABLE_OBJC_ARC = YES;
				CLANG_ENABLE_OBJC_WEAK = YES;
				CLANG_WARN_BLOCK_CAPTURE_AUTORELEASING = YES;
				CLANG_WARN_BOOL_CONVERSION = YES;
				CLANG_WARN_COMMA = YES;
				CLANG_WARN_CONSTANT_CONVERSION = YES;
				CLANG_WARN_DEPRECATED_OBJC_IMPLEMENTATIONS = YES;
				CLANG_WARN_DIRECT_OBJC_ISA_USAGE = YES_ERROR;
				CLANG_WARN_DOCUMENTATION_COMMENTS = YES;
				CLANG_WARN_EMPTY_BODY = YES;
				CLANG_WARN_ENUM_CONVERSION = YES;
				CLANG_WARN_INFINITE_RECURSION = YES;
				CLANG_WARN_INT_CONVERSION = YES;
				CLANG_WARN_NON_LITERAL_NULL_CONVERSION = YES;
				CLANG_WARN_OBJC_IMPLICIT_RETAIN_SELF = YES;
				CLANG_WARN_OBJC_LITERAL_CONVERSION = YES;
				CLANG_WARN_OBJC_ROOT_CLASS = YES_ERROR;
				CLANG_WARN_RANGE_LOOP_ANALYSIS = YES;
				CLANG_WARN_STRICT_PROTOTYPES = YES;
				CLANG_WARN_SUSPICIOUS_MOVE = YES;
				CLANG_WARN_UNGUARDED_AVAILABILITY = YES_AGGRESSIVE;
				CLANG_WARN_UNREACHABLE_CODE = YES;
				CLANG_WARN__DUPLICATE_METHOD_MATCH = YES;
				CODE_SIGN_IDENTITY = "iPhone Developer";
				COPY_PHASE_STRIP = NO;
				DEBUG_INFORMATION_FORMAT = dwarf;
				ENABLE_STRICT_OBJC_MSGSEND = YES;
				ENABLE_TESTABILITY = YES;
				GCC_C_LANGUAGE_STANDARD = gnu11;
				GCC_DYNAMIC_NO_PIC = NO;
				GCC_NO_COMMON_BLOCKS = YES;
				GCC_OPTIMIZATION_LEVEL = 0;
				GCC_PREPROCESSOR_DEFINITIONS = (
					"DEBUG=1",
					"$(inherited)",
				);
				GCC_WARN_64_TO_32_BIT_CONVERSION = YES;
				GCC_WARN_ABOUT_RETURN_TYPE = YES_ERROR;
				GCC_WARN_UNDECLARED_SELECTOR = YES;
				GCC_WARN_UNINITIALIZED_AUTOS = YES_AGGRESSIVE;
				GCC_WARN_UNUSED_FUNCTION = YES;
				GCC_WARN_UNUSED_VARIABLE = YES;
				IPHONEOS_DEPLOYMENT_TARGET = 12.0;
				MTL_ENABLE_DEBUG_INFO = INCLUDE_SOURCE;
				MTL_FAST_MATH = YES;
				ONLY_ACTIVE_ARCH = YES;
				SDKROOT = iphoneos;
				SWIFT_ACTIVE_COMPILATION_CONDITIONS = DEBUG;
				SWIFT_OPTIMIZATION_LEVEL = "-Onone";
			};
			name = Debug;
		};
		84019065215A4E320055D245 /* Release */ = {
			isa = XCBuildConfiguration;
			buildSettings = {
				ALWAYS_SEARCH_USER_PATHS = NO;
				CLANG_ANALYZER_NONNULL = YES;
				CLANG_ANALYZER_NUMBER_OBJECT_CONVERSION = YES_AGGRESSIVE;
				CLANG_CXX_LANGUAGE_STANDARD = "gnu++14";
				CLANG_CXX_LIBRARY = "libc++";
				CLANG_ENABLE_MODULES = YES;
				CLANG_ENABLE_OBJC_ARC = YES;
				CLANG_ENABLE_OBJC_WEAK = YES;
				CLANG_WARN_BLOCK_CAPTURE_AUTORELEASING = YES;
				CLANG_WARN_BOOL_CONVERSION = YES;
				CLANG_WARN_COMMA = YES;
				CLANG_WARN_CONSTANT_CONVERSION = YES;
				CLANG_WARN_DEPRECATED_OBJC_IMPLEMENTATIONS = YES;
				CLANG_WARN_DIRECT_OBJC_ISA_USAGE = YES_ERROR;
				CLANG_WARN_DOCUMENTATION_COMMENTS = YES;
				CLANG_WARN_EMPTY_BODY = YES;
				CLANG_WARN_ENUM_CONVERSION = YES;
				CLANG_WARN_INFINITE_RECURSION = YES;
				CLANG_WARN_INT_CONVERSION = YES;
				CLANG_WARN_NON_LITERAL_NULL_CONVERSION = YES;
				CLANG_WARN_OBJC_IMPLICIT_RETAIN_SELF = YES;
				CLANG_WARN_OBJC_LITERAL_CONVERSION = YES;
				CLANG_WARN_OBJC_ROOT_CLASS = YES_ERROR;
				CLANG_WARN_RANGE_LOOP_ANALYSIS = YES;
				CLANG_WARN_STRICT_PROTOTYPES = YES;
				CLANG_WARN_SUSPICIOUS_MOVE = YES;
				CLANG_WARN_UNGUARDED_AVAILABILITY = YES_AGGRESSIVE;
				CLANG_WARN_UNREACHABLE_CODE = YES;
				CLANG_WARN__DUPLICATE_METHOD_MATCH = YES;
				CODE_SIGN_IDENTITY = "iPhone Developer";
				COPY_PHASE_STRIP = NO;
				DEBUG_INFORMATION_FORMAT = "dwarf-with-dsym";
				ENABLE_NS_ASSERTIONS = NO;
				ENABLE_STRICT_OBJC_MSGSEND = YES;
				GCC_C_LANGUAGE_STANDARD = gnu11;
				GCC_NO_COMMON_BLOCKS = YES;
				GCC_WARN_64_TO_32_BIT_CONVERSION = YES;
				GCC_WARN_ABOUT_RETURN_TYPE = YES_ERROR;
				GCC_WARN_UNDECLARED_SELECTOR = YES;
				GCC_WARN_UNINITIALIZED_AUTOS = YES_AGGRESSIVE;
				GCC_WARN_UNUSED_FUNCTION = YES;
				GCC_WARN_UNUSED_VARIABLE = YES;
				IPHONEOS_DEPLOYMENT_TARGET = 12.0;
				MTL_ENABLE_DEBUG_INFO = NO;
				MTL_FAST_MATH = YES;
				SDKROOT = iphoneos;
				SWIFT_COMPILATION_MODE = wholemodule;
				SWIFT_OPTIMIZATION_LEVEL = "-O";
				VALIDATE_PRODUCT = YES;
			};
			name = Release;
		};
		84019067215A4E320055D245 /* Debug */ = {
			isa = XCBuildConfiguration;
			buildSettings = {
				ASSETCATALOG_COMPILER_APPICON_NAME = AppIcon;
				CODE_SIGN_STYLE = Automatic;
				INFOPLIST_FILE = "code-swag/Info.plist";
				LD_RUNPATH_SEARCH_PATHS = (
					"$(inherited)",
					"@executable_path/Frameworks",
				);
				PRODUCT_BUNDLE_IDENTIFIER = "-23.code-swag";
				PRODUCT_NAME = "$(TARGET_NAME)";
				SWIFT_VERSION = 4.2;
				TARGETED_DEVICE_FAMILY = "1,2";
			};
			name = Debug;
		};
		84019068215A4E320055D245 /* Release */ = {
			isa = XCBuildConfiguration;
			buildSettings = {
				ASSETCATALOG_COMPILER_APPICON_NAME = AppIcon;
				CODE_SIGN_STYLE = Automatic;
				INFOPLIST_FILE = "code-swag/Info.plist";
				LD_RUNPATH_SEARCH_PATHS = (
					"$(inherited)",
					"@executable_path/Frameworks",
				);
				PRODUCT_BUNDLE_IDENTIFIER = "-23.code-swag";
				PRODUCT_NAME = "$(TARGET_NAME)";
				SWIFT_VERSION = 4.2;
				TARGETED_DEVICE_FAMILY = "1,2";
			};
			name = Release;
		};
/* End XCBuildConfiguration section */

/* Begin XCConfigurationList section */
		8401904F215A4E310055D245 /* Build configuration list for PBXProject "code-swag" */ = {
			isa = XCConfigurationList;
			buildConfigurations = (
				84019064215A4E320055D245 /* Debug */,
				84019065215A4E320055D245 /* Release */,
			);
			defaultConfigurationIsVisible = 0;
			defaultConfigurationName = Release;
		};
		84019066215A4E320055D245 /* Build configuration list for PBXNativeTarget "code-swag" */ = {
			isa = XCConfigurationList;
			buildConfigurations = (
				84019067215A4E320055D245 /* Debug */,
				84019068215A4E320055D245 /* Release */,
			);
			defaultConfigurationIsVisible = 0;
			defaultConfigurationName = Release;
		};
/* End XCConfigurationList section */
	};
	rootObject = 8401904C215A4E310055D245 /* Project object */;
}
